
Microsoft Visual Studio Solution File, Format Version 12.00
# Visual Studio Version 17
VisualStudioVersion = 17.5.33502.453
MinimumVisualStudioVersion = 10.0.40219.1
Project("{FAE04EC0-301F-11D3-BF4B-00C04F79EFBC}") = "Tarneeb Card Game", "Tarneeb Card Game.csproj", "{306D96F2-9F58-49F9-B263-B27553B8C4ED}"
EndProject
Global
	GlobalSection(SolutionConfigurationPlatforms) = preSolution
		Debug|Any CPU = Debug|Any CPU
		Release|Any CPU = Release|Any CPU
	EndGlobalSection
	GlobalSection(ProjectConfigurationPlatforms) = postSolution
		{306D96F2-9F58-49F9-B263-B27553B8C4ED}.Debug|Any CPU.ActiveCfg = Debug|Any CPU
		{306D96F2-9F58-49F9-B263-B27553B8C4ED}.Debug|Any CPU.Build.0 = Debug|Any CPU
		{306D96F2-9F58-49F9-B263-B27553B8C4ED}.Release|Any CPU.ActiveCfg = Release|Any CPU
		{306D96F2-9F58-49F9-B263-B27553B8C4ED}.Release|Any CPU.Build.0 = Release|Any CPU
	EndGlobalSection
	GlobalSection(SolutionProperties) = preSolution
		HideSolutionNode = FALSE
	EndGlobalSection
	GlobalSection(ExtensibilityGlobals) = postSolution
		SolutionGuid = {95307C12-9F4C-463D-AA1C-FA0ADD91B934}
	EndGlobalSection
EndGlobal
